
Microsoft Visual Studio Solution File, Format Version 12.00
# Visual Studio 15
VisualStudioVersion = 15.0.28307.757
MinimumVisualStudioVersion = 10.0.40219.1
Project("{FAE04EC0-301F-11D3-BF4B-00C04F79EFBC}") = "Healthcare.WebApi", "Healthcare.WebApi\Healthcare.WebApi.csproj", "{0844CEAA-3C23-4903-94AC-8C03531891E7}"
EndProject
Project("{FAE04EC0-301F-11D3-BF4B-00C04F79EFBC}") = "Healthcare.Web.UI", "Healthcare.Web.UI\Healthcare.Web.UI.csproj", "{D0CD9D79-D7ED-4634-B466-62DACF5ED89F}"
EndProject
Global
	GlobalSection(SolutionConfigurationPlatforms) = preSolution
		Debug|Any CPU = Debug|Any CPU
		Release|Any CPU = Release|Any CPU
	EndGlobalSection
	GlobalSection(ProjectConfigurationPlatforms) = postSolution
		{0844CEAA-3C23-4903-94AC-8C03531891E7}.Debug|Any CPU.ActiveCfg = Debug|Any CPU
		{0844CEAA-3C23-4903-94AC-8C03531891E7}.Debug|Any CPU.Build.0 = Debug|Any CPU
		{0844CEAA-3C23-4903-94AC-8C03531891E7}.Release|Any CPU.ActiveCfg = Release|Any CPU
		{0844CEAA-3C23-4903-94AC-8C03531891E7}.Release|Any CPU.Build.0 = Release|Any CPU
		{D0CD9D79-D7ED-4634-B466-62DACF5ED89F}.Debug|Any CPU.ActiveCfg = Debug|Any CPU
		{D0CD9D79-D7ED-4634-B466-62DACF5ED89F}.Debug|Any CPU.Build.0 = Debug|Any CPU
		{D0CD9D79-D7ED-4634-B466-62DACF5ED89F}.Release|Any CPU.ActiveCfg = Release|Any CPU
		{D0CD9D79-D7ED-4634-B466-62DACF5ED89F}.Release|Any CPU.Build.0 = Release|Any CPU
	EndGlobalSection
	GlobalSection(SolutionProperties) = preSolution
		HideSolutionNode = FALSE
	EndGlobalSection
	GlobalSection(ExtensibilityGlobals) = postSolution
		SolutionGuid = {AE51F425-0450-4B74-AA87-8CFDC61B6499}
	EndGlobalSection
EndGlobal
